
Microsoft Visual Studio Solution File, Format Version 11.00
# Visual Studio 2010
Project("{FAE04EC0-301F-11D3-BF4B-00C04F79EFBC}") = "PaddingOracleAttack", "PaddingOracleAttack.csproj", "{FFDE0513-5CC0-4902-9A1C-91DF73BA612F}"
EndProject
Global
	GlobalSection(SolutionConfigurationPlatforms) = preSolution
		Debug|x86 = Debug|x86
		Release|x86 = Release|x86
	EndGlobalSection
	GlobalSection(ProjectConfigurationPlatforms) = postSolution
		{FFDE0513-5CC0-4902-9A1C-91DF73BA612F}.Debug|x86.ActiveCfg = Debug|x86
		{FFDE0513-5CC0-4902-9A1C-91DF73BA612F}.Debug|x86.Build.0 = Debug|x86
		{FFDE0513-5CC0-4902-9A1C-91DF73BA612F}.Release|x86.ActiveCfg = Release|x86
		{FFDE0513-5CC0-4902-9A1C-91DF73BA612F}.Release|x86.Build.0 = Release|x86
	EndGlobalSection
	GlobalSection(MonoDevelopProperties) = preSolution
		StartupItem = PaddingOracleAttack.csproj
	EndGlobalSection
EndGlobal
